<?xml version="1.0" encoding="utf-8"?>
<Project ToolsVersion="4.0" xmlns="http://schemas.microsoft.com/developer/msbuild/2003">
  <ItemGroup>
    <Filter Include="Header Files">
      <UniqueIdentifier>{93995380-89BD-4b04-88EB-625FBE52EBFB}</UniqueIdentifier>
      <Extensions>h;hh;hpp;hxx;h++;hm;inl;inc;ipp;xsd</Extensions>
    </Filter>
    <Filter Include="Resource Files">
      <UniqueIdentifier>{67DA6AB6-F800-4c08-8B7A-83BB121AAD01}</UniqueIdentifier>
      <Extensions>rc;ico;cur;bmp;dlg;rc2;rct;bin;rgs;gif;jpg;jpeg;jpe;resx;tiff;tif;png;wav;mfcribbon-ms</Extensions>
    </Filter>
    <Filter Include="src">
      <UniqueIdentifier>{4FC737F1-C7A5-4376-A066-2A32D752A2FF}</UniqueIdentifier>
      <Extensions>cpp;c;cc;cxx;c++;cppm;ixx;def;odl;idl;hpj;bat;asm;asmx</Extensions>
    </Filter>
    <Filter Include="src\mobs">
      <UniqueIdentifier>{33a5d1d8-bee0-4cfb-84e8-3ea0daf98511}</UniqueIdentifier>
    </Filter>
    <Filter Include="src\particles">
      <UniqueIdentifier>{81352e86-bb4d-49d6-841e-52f4e8ab3950}</UniqueIdentifier>
    </Filter>
  </ItemGroup>
  <ItemGroup>
    <ClCompile Include="src\config.cpp">
      <Filter>src</Filter>
    </ClCompile>
    <ClCompile Include="src\input.cpp">
      <Filter>src</Filter>
    </ClCompile>
    <ClCompile Include="src\main.cpp">
      <Filter>src</Filter>
    </ClCompile>
    <ClCompile Include="src\stage.cpp">
      <Filter>src</Filter>
    </ClCompile>
    <ClCompile Include="src\path_tools.cpp">
      <Filter>src</Filter>
    </ClCompile>
    <ClCompile Include="src\graphics.cpp">
      <Filter>src</Filter>
    </ClCompile>
    <ClCompile Include="src\stage_backdrop.cpp">
      <Filter>src</Filter>
    </ClCompile>
    <ClCompile Include="src\stage_api.cpp">
      <Filter>src</Filter>
    </ClCompile>
    <ClCompile Include="src\mobs\mob.cpp">
      <Filter>src\mobs</Filter>
    </ClCompile>
    <ClCompile Include="src\mobs\mob.player.cpp">
      <Filter>src\mobs</Filter>
    </ClCompile>
    <ClCompile Include="src\mobs\mob.projectile.cpp">
      <Filter>src\mobs</Filter>
    </ClCompile>
    <ClCompile Include="src\particles\particle.cpp">
      <Filter>src\particles</Filter>
    </ClCompile>
    <ClCompile Include="src\particles\particleemitter.cpp">
      <Filter>src\particles</Filter>
    </ClCompile>
    <ClCompile Include="src\particles\particleemitter.mobexplosion.cpp">
      <Filter>src\particles</Filter>
    </ClCompile>
    <ClCompile Include="src\particles\particleemitter.simpleexplosion.cpp">
      <Filter>src\particles</Filter>
    </ClCompile>
    <ClCompile Include="Source.cpp">
      <Filter>src\mobs</Filter>
    </ClCompile>
  </ItemGroup>
  <ItemGroup>
    <ClInclude Include="src\config.h">
      <Filter>src</Filter>
    </ClInclude>
    <ClInclude Include="src\input.h">
      <Filter>src</Filter>
    </ClInclude>
    <ClInclude Include="src\main.h">
      <Filter>src</Filter>
    </ClInclude>
    <ClInclude Include="src\stage.h">
      <Filter>src</Filter>
    </ClInclude>
    <ClInclude Include="src\path_tools.h">
      <Filter>src</Filter>
    </ClInclude>
    <ClInclude Include="src\graphics.h">
      <Filter>src</Filter>
    </ClInclude>
    <ClInclude Include="src\stage_backdrop.h">
      <Filter>src</Filter>
    </ClInclude>
    <ClInclude Include="src\stage_api.h">
      <Filter>src</Filter>
    </ClInclude>
    <ClInclude Include="src\mobs\mob.h">
      <Filter>src\mobs</Filter>
    </ClInclude>
    <ClInclude Include="src\mobs\mob.player.h">
      <Filter>src\mobs</Filter>
    </ClInclude>
    <ClInclude Include="src\mobs\mob.projectile.h">
      <Filter>src\mobs</Filter>
    </ClInclude>
    <ClInclude Include="src\particles\particle.h">
      <Filter>src\particles</Filter>
    </ClInclude>
    <ClInclude Include="src\particles\particleemitter.h">
      <Filter>src\particles</Filter>
    </ClInclude>
    <ClInclude Include="src\particles\particleemitter.mobexplosion.h">
      <Filter>src\particles</Filter>
    </ClInclude>
    <ClInclude Include="src\particles\particleemitter.simpleexplosion.h">
      <Filter>src\particles</Filter>
    </ClInclude>
  </ItemGroup>
</Project>